
Microsoft Visual Studio Solution File, Format Version 12.00
# Visual Studio Version 16
VisualStudioVersion = 16.6.30114.105
MinimumVisualStudioVersion = 10.0.40219.1
Project("{FAE04EC0-301F-11D3-BF4B-00C04F79EFBC}") = "WC.API", "WC.API\WC.API.csproj", "{C904F1FE-8645-44DF-A53F-1A4E6391AB12}"
EndProject
Project("{FAE04EC0-301F-11D3-BF4B-00C04F79EFBC}") = "WC.Context", "WC.Context\WC.Context.csproj", "{BD3706A3-F7C2-40DF-8F55-DD398DF4B570}"
EndProject
Project("{FAE04EC0-301F-11D3-BF4B-00C04F79EFBC}") = "WC.DTO", "WC.DTO\WC.DTO.csproj", "{3BA17C8A-545A-4A3C-8330-ABD5D2374283}"
EndProject
Project("{FAE04EC0-301F-11D3-BF4B-00C04F79EFBC}") = "WC.Model", "WC.Model\WC.Model.csproj", "{7E0C867B-8DA4-4CE0-A6F8-4E62B1E2AD65}"
EndProject
Project("{FAE04EC0-301F-11D3-BF4B-00C04F79EFBC}") = "WC.Repository", "WC.Repository\WC.Repository.csproj", "{94F8D39C-E874-4F44-AF24-5DCC0C75A090}"
EndProject
Project("{FAE04EC0-301F-11D3-BF4B-00C04F79EFBC}") = "WC.Service", "WC.Service\WC.Service.csproj", "{E62A6043-E681-4C83-A299-FC0D67BD0556}"
EndProject
Global
	GlobalSection(SolutionConfigurationPlatforms) = preSolution
		Debug|Any CPU = Debug|Any CPU
		Debug|x64 = Debug|x64
		Debug|x86 = Debug|x86
		Release|Any CPU = Release|Any CPU
		Release|x64 = Release|x64
		Release|x86 = Release|x86
	EndGlobalSection
	GlobalSection(SolutionProperties) = preSolution
		HideSolutionNode = FALSE
	EndGlobalSection
	GlobalSection(ProjectConfigurationPlatforms) = postSolution
		{C904F1FE-8645-44DF-A53F-1A4E6391AB12}.Debug|Any CPU.ActiveCfg = Debug|Any CPU
		{C904F1FE-8645-44DF-A53F-1A4E6391AB12}.Debug|Any CPU.Build.0 = Debug|Any CPU
		{C904F1FE-8645-44DF-A53F-1A4E6391AB12}.Debug|x64.ActiveCfg = Debug|Any CPU
		{C904F1FE-8645-44DF-A53F-1A4E6391AB12}.Debug|x64.Build.0 = Debug|Any CPU
		{C904F1FE-8645-44DF-A53F-1A4E6391AB12}.Debug|x86.ActiveCfg = Debug|Any CPU
		{C904F1FE-8645-44DF-A53F-1A4E6391AB12}.Debug|x86.Build.0 = Debug|Any CPU
		{C904F1FE-8645-44DF-A53F-1A4E6391AB12}.Release|Any CPU.ActiveCfg = Release|Any CPU
		{C904F1FE-8645-44DF-A53F-1A4E6391AB12}.Release|Any CPU.Build.0 = Release|Any CPU
		{C904F1FE-8645-44DF-A53F-1A4E6391AB12}.Release|x64.ActiveCfg = Release|Any CPU
		{C904F1FE-8645-44DF-A53F-1A4E6391AB12}.Release|x64.Build.0 = Release|Any CPU
		{C904F1FE-8645-44DF-A53F-1A4E6391AB12}.Release|x86.ActiveCfg = Release|Any CPU
		{C904F1FE-8645-44DF-A53F-1A4E6391AB12}.Release|x86.Build.0 = Release|Any CPU
		{BD3706A3-F7C2-40DF-8F55-DD398DF4B570}.Debug|Any CPU.ActiveCfg = Debug|Any CPU
		{BD3706A3-F7C2-40DF-8F55-DD398DF4B570}.Debug|Any CPU.Build.0 = Debug|Any CPU
		{BD3706A3-F7C2-40DF-8F55-DD398DF4B570}.Debug|x64.ActiveCfg = Debug|Any CPU
		{BD3706A3-F7C2-40DF-8F55-DD398DF4B570}.Debug|x64.Build.0 = Debug|Any CPU
		{BD3706A3-F7C2-40DF-8F55-DD398DF4B570}.Debug|x86.ActiveCfg = Debug|Any CPU
		{BD3706A3-F7C2-40DF-8F55-DD398DF4B570}.Debug|x86.Build.0 = Debug|Any CPU
		{BD3706A3-F7C2-40DF-8F55-DD398DF4B570}.Release|Any CPU.ActiveCfg = Release|Any CPU
		{BD3706A3-F7C2-40DF-8F55-DD398DF4B570}.Release|Any CPU.Build.0 = Release|Any CPU
		{BD3706A3-F7C2-40DF-8F55-DD398DF4B570}.Release|x64.ActiveCfg = Release|Any CPU
		{BD3706A3-F7C2-40DF-8F55-DD398DF4B570}.Release|x64.Build.0 = Release|Any CPU
		{BD3706A3-F7C2-40DF-8F55-DD398DF4B570}.Release|x86.ActiveCfg = Release|Any CPU
		{BD3706A3-F7C2-40DF-8F55-DD398DF4B570}.Release|x86.Build.0 = Release|Any CPU
		{3BA17C8A-545A-4A3C-8330-ABD5D2374283}.Debug|Any CPU.ActiveCfg = Debug|Any CPU
		{3BA17C8A-545A-4A3C-8330-ABD5D2374283}.Debug|Any CPU.Build.0 = Debug|Any CPU
		{3BA17C8A-545A-4A3C-8330-ABD5D2374283}.Debug|x64.ActiveCfg = Debug|Any CPU
		{3BA17C8A-545A-4A3C-8330-ABD5D2374283}.Debug|x64.Build.0 = Debug|Any CPU
		{3BA17C8A-545A-4A3C-8330-ABD5D2374283}.Debug|x86.ActiveCfg = Debug|Any CPU
		{3BA17C8A-545A-4A3C-8330-ABD5D2374283}.Debug|x86.Build.0 = Debug|Any CPU
		{3BA17C8A-545A-4A3C-8330-ABD5D2374283}.Release|Any CPU.ActiveCfg = Release|Any CPU
		{3BA17C8A-545A-4A3C-8330-ABD5D2374283}.Release|Any CPU.Build.0 = Release|Any CPU
		{3BA17C8A-545A-4A3C-8330-ABD5D2374283}.Release|x64.ActiveCfg = Release|Any CPU
		{3BA17C8A-545A-4A3C-8330-ABD5D2374283}.Release|x64.Build.0 = Release|Any CPU
		{3BA17C8A-545A-4A3C-8330-ABD5D2374283}.Release|x86.ActiveCfg = Release|Any CPU
		{3BA17C8A-545A-4A3C-8330-ABD5D2374283}.Release|x86.Build.0 = Release|Any CPU
		{7E0C867B-8DA4-4CE0-A6F8-4E62B1E2AD65}.Debug|Any CPU.ActiveCfg = Debug|Any CPU
		{7E0C867B-8DA4-4CE0-A6F8-4E62B1E2AD65}.Debug|Any CPU.Build.0 = Debug|Any CPU
		{7E0C867B-8DA4-4CE0-A6F8-4E62B1E2AD65}.Debug|x64.ActiveCfg = Debug|Any CPU
		{7E0C867B-8DA4-4CE0-A6F8-4E62B1E2AD65}.Debug|x64.Build.0 = Debug|Any CPU
		{7E0C867B-8DA4-4CE0-A6F8-4E62B1E2AD65}.Debug|x86.ActiveCfg = Debug|Any CPU
		{7E0C867B-8DA4-4CE0-A6F8-4E62B1E2AD65}.Debug|x86.Build.0 = Debug|Any CPU
		{7E0C867B-8DA4-4CE0-A6F8-4E62B1E2AD65}.Release|Any CPU.ActiveCfg = Release|Any CPU
		{7E0C867B-8DA4-4CE0-A6F8-4E62B1E2AD65}.Release|Any CPU.Build.0 = Release|Any CPU
		{7E0C867B-8DA4-4CE0-A6F8-4E62B1E2AD65}.Release|x64.ActiveCfg = Release|Any CPU
		{7E0C867B-8DA4-4CE0-A6F8-4E62B1E2AD65}.Release|x64.Build.0 = Release|Any CPU
		{7E0C867B-8DA4-4CE0-A6F8-4E62B1E2AD65}.Release|x86.ActiveCfg = Release|Any CPU
		{7E0C867B-8DA4-4CE0-A6F8-4E62B1E2AD65}.Release|x86.Build.0 = Release|Any CPU
		{94F8D39C-E874-4F44-AF24-5DCC0C75A090}.Debug|Any CPU.ActiveCfg = Debug|Any CPU
		{94F8D39C-E874-4F44-AF24-5DCC0C75A090}.Debug|Any CPU.Build.0 = Debug|Any CPU
		{94F8D39C-E874-4F44-AF24-5DCC0C75A090}.Debug|x64.ActiveCfg = Debug|Any CPU
		{94F8D39C-E874-4F44-AF24-5DCC0C75A090}.Debug|x64.Build.0 = Debug|Any CPU
		{94F8D39C-E874-4F44-AF24-5DCC0C75A090}.Debug|x86.ActiveCfg = Debug|Any CPU
		{94F8D39C-E874-4F44-AF24-5DCC0C75A090}.Debug|x86.Build.0 = Debug|Any CPU
		{94F8D39C-E874-4F44-AF24-5DCC0C75A090}.Release|Any CPU.ActiveCfg = Release|Any CPU
		{94F8D39C-E874-4F44-AF24-5DCC0C75A090}.Release|Any CPU.Build.0 = Release|Any CPU
		{94F8D39C-E874-4F44-AF24-5DCC0C75A090}.Release|x64.ActiveCfg = Release|Any CPU
		{94F8D39C-E874-4F44-AF24-5DCC0C75A090}.Release|x64.Build.0 = Release|Any CPU
		{94F8D39C-E874-4F44-AF24-5DCC0C75A090}.Release|x86.ActiveCfg = Release|Any CPU
		{94F8D39C-E874-4F44-AF24-5DCC0C75A090}.Release|x86.Build.0 = Release|Any CPU
		{E62A6043-E681-4C83-A299-FC0D67BD0556}.Debug|Any CPU.ActiveCfg = Debug|Any CPU
		{E62A6043-E681-4C83-A299-FC0D67BD0556}.Debug|Any CPU.Build.0 = Debug|Any CPU
		{E62A6043-E681-4C83-A299-FC0D67BD0556}.Debug|x64.ActiveCfg = Debug|Any CPU
		{E62A6043-E681-4C83-A299-FC0D67BD0556}.Debug|x64.Build.0 = Debug|Any CPU
		{E62A6043-E681-4C83-A299-FC0D67BD0556}.Debug|x86.ActiveCfg = Debug|Any CPU
		{E62A6043-E681-4C83-A299-FC0D67BD0556}.Debug|x86.Build.0 = Debug|Any CPU
		{E62A6043-E681-4C83-A299-FC0D67BD0556}.Release|Any CPU.ActiveCfg = Release|Any CPU
		{E62A6043-E681-4C83-A299-FC0D67BD0556}.Release|Any CPU.Build.0 = Release|Any CPU
		{E62A6043-E681-4C83-A299-FC0D67BD0556}.Release|x64.ActiveCfg = Release|Any CPU
		{E62A6043-E681-4C83-A299-FC0D67BD0556}.Release|x64.Build.0 = Release|Any CPU
		{E62A6043-E681-4C83-A299-FC0D67BD0556}.Release|x86.ActiveCfg = Release|Any CPU
		{E62A6043-E681-4C83-A299-FC0D67BD0556}.Release|x86.Build.0 = Release|Any CPU
	EndGlobalSection
EndGlobal
